
Microsoft Visual Studio Solution File, Format Version 12.00
# Visual Studio Version 17
VisualStudioVersion = 17.5.002.0
MinimumVisualStudioVersion = 10.0.40219.1
Project("{9A19103F-16F7-4668-BE54-9A1E7A4F7556}") = "Play.Catalog.Service", "Play.Catalog.Service\Play.Catalog.Service.csproj", "{4B4A707E-3A19-4FC1-9E35-A3D26141A0EE}"
EndProject
Global
	GlobalSection(SolutionConfigurationPlatforms) = preSolution
		Debug|Any CPU = Debug|Any CPU
		Release|Any CPU = Release|Any CPU
	EndGlobalSection
	GlobalSection(ProjectConfigurationPlatforms) = postSolution
		{4B4A707E-3A19-4FC1-9E35-A3D26141A0EE}.Debug|Any CPU.ActiveCfg = Debug|Any CPU
		{4B4A707E-3A19-4FC1-9E35-A3D26141A0EE}.Debug|Any CPU.Build.0 = Debug|Any CPU
		{4B4A707E-3A19-4FC1-9E35-A3D26141A0EE}.Release|Any CPU.ActiveCfg = Release|Any CPU
		{4B4A707E-3A19-4FC1-9E35-A3D26141A0EE}.Release|Any CPU.Build.0 = Release|Any CPU
	EndGlobalSection
	GlobalSection(SolutionProperties) = preSolution
		HideSolutionNode = FALSE
	EndGlobalSection
	GlobalSection(ExtensibilityGlobals) = postSolution
		SolutionGuid = {ABDF58E6-D913-42D0-833B-225DFC372EB0}
	EndGlobalSection
EndGlobal
